
Microsoft Visual Studio Solution File, Format Version 12.00
# Visual Studio Version 16
VisualStudioVersion = 16.0.29209.62
MinimumVisualStudioVersion = 10.0.40219.1
Project("{FAE04EC0-301F-11D3-BF4B-00C04F79EFBC}") = "Gapp", "Gapp\Gapp.csproj", "{B6C33D27-FDD5-4F6B-8697-4526288AE670}"
EndProject
Global
	GlobalSection(SolutionConfigurationPlatforms) = preSolution
		Debug|Any CPU = Debug|Any CPU
		Release|Any CPU = Release|Any CPU
	EndGlobalSection
	GlobalSection(ProjectConfigurationPlatforms) = postSolution
		{B6C33D27-FDD5-4F6B-8697-4526288AE670}.Debug|Any CPU.ActiveCfg = Debug|Any CPU
		{B6C33D27-FDD5-4F6B-8697-4526288AE670}.Debug|Any CPU.Build.0 = Debug|Any CPU
		{B6C33D27-FDD5-4F6B-8697-4526288AE670}.Release|Any CPU.ActiveCfg = Release|Any CPU
		{B6C33D27-FDD5-4F6B-8697-4526288AE670}.Release|Any CPU.Build.0 = Release|Any CPU
	EndGlobalSection
	GlobalSection(SolutionProperties) = preSolution
		HideSolutionNode = FALSE
	EndGlobalSection
	GlobalSection(ExtensibilityGlobals) = postSolution
		SolutionGuid = {366C1143-50E5-4501-9AE3-80419E364761}
	EndGlobalSection
EndGlobal
